
Microsoft Visual Studio Solution File, Format Version 12.00
# Visual Studio Version 17
VisualStudioVersion = 17.5.001.0
MinimumVisualStudioVersion = 10.0.40219.1
Project("{9A19103F-16F7-4668-BE54-9A1E7A4F7556}") = "SchoolManagementApp.MVC", "SchoolManagementApp.MVC.csproj", "{8369DF5D-B2B2-4FF7-A558-BFF92A2977D6}"
EndProject
Global
	GlobalSection(SolutionConfigurationPlatforms) = preSolution
		Debug|Any CPU = Debug|Any CPU
		Release|Any CPU = Release|Any CPU
	EndGlobalSection
	GlobalSection(ProjectConfigurationPlatforms) = postSolution
		{8369DF5D-B2B2-4FF7-A558-BFF92A2977D6}.Debug|Any CPU.ActiveCfg = Debug|Any CPU
		{8369DF5D-B2B2-4FF7-A558-BFF92A2977D6}.Debug|Any CPU.Build.0 = Debug|Any CPU
		{8369DF5D-B2B2-4FF7-A558-BFF92A2977D6}.Release|Any CPU.ActiveCfg = Release|Any CPU
		{8369DF5D-B2B2-4FF7-A558-BFF92A2977D6}.Release|Any CPU.Build.0 = Release|Any CPU
	EndGlobalSection
	GlobalSection(SolutionProperties) = preSolution
		HideSolutionNode = FALSE
	EndGlobalSection
	GlobalSection(ExtensibilityGlobals) = postSolution
		SolutionGuid = {067DDB7F-6098-47AC-8329-B41F5FCA1F80}
	EndGlobalSection
EndGlobal
